
Microsoft Visual Studio Solution File, Format Version 12.00
# Visual Studio Version 17
VisualStudioVersion = 17.9.34728.123
MinimumVisualStudioVersion = 10.0.40219.1
Project("{9A19103F-16F7-4668-BE54-9A1E7A4F7556}") = "Back-HMZ", "Back-HMZ\Back-HMZ.csproj", "{C360028E-DA9F-49D0-98D6-9571F5F1CD8E}"
EndProject
Global
	GlobalSection(SolutionConfigurationPlatforms) = preSolution
		Debug|Any CPU = Debug|Any CPU
		Release|Any CPU = Release|Any CPU
	EndGlobalSection
	GlobalSection(ProjectConfigurationPlatforms) = postSolution
		{C360028E-DA9F-49D0-98D6-9571F5F1CD8E}.Debug|Any CPU.ActiveCfg = Debug|Any CPU
		{C360028E-DA9F-49D0-98D6-9571F5F1CD8E}.Debug|Any CPU.Build.0 = Debug|Any CPU
		{C360028E-DA9F-49D0-98D6-9571F5F1CD8E}.Release|Any CPU.ActiveCfg = Release|Any CPU
		{C360028E-DA9F-49D0-98D6-9571F5F1CD8E}.Release|Any CPU.Build.0 = Release|Any CPU
	EndGlobalSection
	GlobalSection(SolutionProperties) = preSolution
		HideSolutionNode = FALSE
	EndGlobalSection
	GlobalSection(ExtensibilityGlobals) = postSolution
		SolutionGuid = {A49A5375-A6CE-41F7-A16A-41D1C08E7440}
	EndGlobalSection
EndGlobal
